// !$*UTF8*$!
{
	archiveVersion = 1;
	classes = {
	};
	objectVersion = 46;
	objects = {

/* Begin PBXBuildFile section */
		95088AF41DD20941001D0CF9 /* AppDelegate.swift in Sources */ = {isa = PBXBuildFile; fileRef = 95088AF31DD20941001D0CF9 /* AppDelegate.swift */; };
		95088AF61DD20941001D0CF9 /* ViewController.swift in Sources */ = {isa = PBXBuildFile; fileRef = 95088AF51DD20941001D0CF9 /* ViewController.swift */; };
		95088AF91DD20941001D0CF9 /* Main.storyboard in Resources */ = {isa = PBXBuildFile; fileRef = 95088AF71DD20941001D0CF9 /* Main.storyboard */; };
		95088AFB1DD20941001D0CF9 /* Assets.xcassets in Resources */ = {isa = PBXBuildFile; fileRef = 95088AFA1DD20941001D0CF9 /* Assets.xcassets */; };
		95088AFE1DD20941001D0CF9 /* LaunchScreen.storyboard in Resources */ = {isa = PBXBuildFile; fileRef = 95088AFC1DD20941001D0CF9 /* LaunchScreen.storyboard */; };
		95146F3E1DDDFCBA005EE174 /* AnimationController.swift in Sources */ = {isa = PBXBuildFile; fileRef = 95146F341DDDFCBA005EE174 /* AnimationController.swift */; };
		95146F3F1DDDFCBA005EE174 /* Colors.swift in Sources */ = {isa = PBXBuildFile; fileRef = 95146F351DDDFCBA005EE174 /* Colors.swift */; };
		95146F401DDDFCBA005EE174 /* DrawController.swift in Sources */ = {isa = PBXBuildFile; fileRef = 95146F361DDDFCBA005EE174 /* DrawController.swift */; };
		95146F411DDDFCBA005EE174 /* GenesisController.swift in Sources */ = {isa = PBXBuildFile; fileRef = 95146F371DDDFCBA005EE174 /* GenesisController.swift */; };
		95146F421DDDFCBA005EE174 /* GraphicsView.swift in Sources */ = {isa = PBXBuildFile; fileRef = 95146F381DDDFCBA005EE174 /* GraphicsView.swift */; };
		95146F431DDDFCBA005EE174 /* MapMatcher.swift in Sources */ = {isa = PBXBuildFile; fileRef = 95146F391DDDFCBA005EE174 /* MapMatcher.swift */; };
		95146F441DDDFCBA005EE174 /* MapMatchOptions.swift in Sources */ = {isa = PBXBuildFile; fileRef = 95146F3A1DDDFCBA005EE174 /* MapMatchOptions.swift */; };
		95146F451DDDFCBA005EE174 /* PathView.swift in Sources */ = {isa = PBXBuildFile; fileRef = 95146F3B1DDDFCBA005EE174 /* PathView.swift */; };
		95146F461DDDFCBA005EE174 /* StepsView.swift in Sources */ = {isa = PBXBuildFile; fileRef = 95146F3C1DDDFCBA005EE174 /* StepsView.swift */; };
		95146F471DDDFCBA005EE174 /* UIBezierPath.swift in Sources */ = {isa = PBXBuildFile; fileRef = 95146F3D1DDDFCBA005EE174 /* UIBezierPath.swift */; };
		95146F651DDDFCD7005EE174 /* back_arrow.png in Resources */ = {isa = PBXBuildFile; fileRef = 95146F491DDDFCD7005EE174 /* back_arrow.png */; };
		95146F661DDDFCD7005EE174 /* back_arrow@2x.png in Resources */ = {isa = PBXBuildFile; fileRef = 95146F4A1DDDFCD7005EE174 /* back_arrow@2x.png */; };
		95146F671DDDFCD7005EE174 /* back_arrow@3x.png in Resources */ = {isa = PBXBuildFile; fileRef = 95146F4B1DDDFCD7005EE174 /* back_arrow@3x.png */; };
		95146F681DDDFCD7005EE174 /* ease in out.png in Resources */ = {isa = PBXBuildFile; fileRef = 95146F4C1DDDFCD7005EE174 /* ease in out.png */; };
		95146F691DDDFCD7005EE174 /* ease in out@2x.png in Resources */ = {isa = PBXBuildFile; fileRef = 95146F4D1DDDFCD7005EE174 /* ease in out@2x.png */; };
		95146F6A1DDDFCD7005EE174 /* ease in out@3x.png in Resources */ = {isa = PBXBuildFile; fileRef = 95146F4E1DDDFCD7005EE174 /* ease in out@3x.png */; };
		95146F6B1DDDFCD7005EE174 /* ease in.png in Resources */ = {isa = PBXBuildFile; fileRef = 95146F4F1DDDFCD7005EE174 /* ease in.png */; };
		95146F6C1DDDFCD7005EE174 /* ease in@2x.png in Resources */ = {isa = PBXBuildFile; fileRef = 95146F501DDDFCD7005EE174 /* ease in@2x.png */; };
		95146F6D1DDDFCD7005EE174 /* ease in@3x.png in Resources */ = {isa = PBXBuildFile; fileRef = 95146F511DDDFCD7005EE174 /* ease in@3x.png */; };
		95146F6E1DDDFCD7005EE174 /* ease out.png in Resources */ = {isa = PBXBuildFile; fileRef = 95146F521DDDFCD7005EE174 /* ease out.png */; };
		95146F6F1DDDFCD7005EE174 /* ease out@2.png in Resources */ = {isa = PBXBuildFile; fileRef = 95146F531DDDFCD7005EE174 /* ease out@2.png */; };
		95146F701DDDFCD7005EE174 /* ease out@3x.png in Resources */ = {isa = PBXBuildFile; fileRef = 95146F541DDDFCD7005EE174 /* ease out@3x.png */; };
		95146F711DDDFCD7005EE174 /* ease.png in Resources */ = {isa = PBXBuildFile; fileRef = 95146F551DDDFCD7005EE174 /* ease.png */; };
		95146F721DDDFCD7005EE174 /* ease@2x.png in Resources */ = {isa = PBXBuildFile; fileRef = 95146F561DDDFCD7005EE174 /* ease@2x.png */; };
		95146F731DDDFCD7005EE174 /* ease@3x.png in Resources */ = {isa = PBXBuildFile; fileRef = 95146F571DDDFCD7005EE174 /* ease@3x.png */; };
		95146F741DDDFCD7005EE174 /* forward_arrow.png in Resources */ = {isa = PBXBuildFile; fileRef = 95146F581DDDFCD7005EE174 /* forward_arrow.png */; };
		95146F751DDDFCD7005EE174 /* forward_arrow@2x.png in Resources */ = {isa = PBXBuildFile; fileRef = 95146F591DDDFCD7005EE174 /* forward_arrow@2x.png */; };
		95146F761DDDFCD7005EE174 /* forward_arrow@3x.png in Resources */ = {isa = PBXBuildFile; fileRef = 95146F5A1DDDFCD7005EE174 /* forward_arrow@3x.png */; };
		95146F771DDDFCD7005EE174 /* linear.png in Resources */ = {isa = PBXBuildFile; fileRef = 95146F5B1DDDFCD7005EE174 /* linear.png */; };
		95146F781DDDFCD7005EE174 /* linear@2x.png in Resources */ = {isa = PBXBuildFile; fileRef = 95146F5C1DDDFCD7005EE174 /* linear@2x.png */; };
		95146F791DDDFCD7005EE174 /* linear@3x.png in Resources */ = {isa = PBXBuildFile; fileRef = 95146F5D1DDDFCD7005EE174 /* linear@3x.png */; };
		95146F7A1DDDFCD7005EE174 /* map.png in Resources */ = {isa = PBXBuildFile; fileRef = 95146F5E1DDDFCD7005EE174 /* map.png */; };
		95146F7B1DDDFCD7005EE174 /* play.png in Resources */ = {isa = PBXBuildFile; fileRef = 95146F5F1DDDFCD7005EE174 /* play.png */; };
		95146F7C1DDDFCD7005EE174 /* play@2x.png in Resources */ = {isa = PBXBuildFile; fileRef = 95146F601DDDFCD7005EE174 /* play@2x.png */; };
		95146F7D1DDDFCD7005EE174 /* play@3x.png in Resources */ = {isa = PBXBuildFile; fileRef = 95146F611DDDFCD7005EE174 /* play@3x.png */; };
		95146F7E1DDDFCD7005EE174 /* reset.png in Resources */ = {isa = PBXBuildFile; fileRef = 95146F621DDDFCD7005EE174 /* reset.png */; };
		95146F7F1DDDFCD7005EE174 /* reset@2x.png in Resources */ = {isa = PBXBuildFile; fileRef = 95146F631DDDFCD7005EE174 /* reset@2x.png */; };
		95146F801DDDFCD7005EE174 /* reset@3x.png in Resources */ = {isa = PBXBuildFile; fileRef = 95146F641DDDFCD7005EE174 /* reset@3x.png */; };
/* End PBXBuildFile section */

/* Begin PBXFileReference section */
		95088AF01DD20941001D0CF9 /* Bezier.app */ = {isa = PBXFileReference; explicitFileType = wrapper.application; includeInIndex = 0; path = Bezier.app; sourceTree = BUILT_PRODUCTS_DIR; };
		95088AF31DD20941001D0CF9 /* AppDelegate.swift */ = {isa = PBXFileReference; lastKnownFileType = sourcecode.swift; path = AppDelegate.swift; sourceTree = "<group>"; };
		95088AF51DD20941001D0CF9 /* ViewController.swift */ = {isa = PBXFileReference; lastKnownFileType = sourcecode.swift; path = ViewController.swift; sourceTree = "<group>"; };
		95088AF81DD20941001D0CF9 /* Base */ = {isa = PBXFileReference; lastKnownFileType = file.storyboard; name = Base; path = Base.lproj/Main.storyboard; sourceTree = "<group>"; };
		95088AFA1DD20941001D0CF9 /* Assets.xcassets */ = {isa = PBXFileReference; lastKnownFileType = folder.assetcatalog; path = Assets.xcassets; sourceTree = "<group>"; };
		95088AFD1DD20941001D0CF9 /* Base */ = {isa = PBXFileReference; lastKnownFileType = file.storyboard; name = Base; path = Base.lproj/LaunchScreen.storyboard; sourceTree = "<group>"; };
		95088AFF1DD20941001D0CF9 /* Info.plist */ = {isa = PBXFileReference; lastKnownFileType = text.plist.xml; path = Info.plist; sourceTree = "<group>"; };
		95146F341DDDFCBA005EE174 /* AnimationController.swift */ = {isa = PBXFileReference; fileEncoding = 4; lastKnownFileType = sourcecode.swift; name = AnimationController.swift; path = "../../Bézier.playground/Sources/AnimationController.swift"; sourceTree = "<group>"; };
		95146F351DDDFCBA005EE174 /* Colors.swift */ = {isa = PBXFileReference; fileEncoding = 4; lastKnownFileType = sourcecode.swift; name = Colors.swift; path = "../../Bézier.playground/Sources/Colors.swift"; sourceTree = "<group>"; };
		95146F361DDDFCBA005EE174 /* DrawController.swift */ = {isa = PBXFileReference; fileEncoding = 4; lastKnownFileType = sourcecode.swift; name = DrawController.swift; path = "../../Bézier.playground/Sources/DrawController.swift"; sourceTree = "<group>"; };
		95146F371DDDFCBA005EE174 /* GenesisController.swift */ = {isa = PBXFileReference; fileEncoding = 4; lastKnownFileType = sourcecode.swift; name = GenesisController.swift; path = "../../Bézier.playground/Sources/GenesisController.swift"; sourceTree = "<group>"; };
		95146F381DDDFCBA005EE174 /* GraphicsView.swift */ = {isa = PBXFileReference; fileEncoding = 4; lastKnownFileType = sourcecode.swift; name = GraphicsView.swift; path = "../../Bézier.playground/Sources/GraphicsView.swift"; sourceTree = "<group>"; };
		95146F391DDDFCBA005EE174 /* MapMatcher.swift */ = {isa = PBXFileReference; fileEncoding = 4; lastKnownFileType = sourcecode.swift; name = MapMatcher.swift; path = "../../Bézier.playground/Sources/MapMatcher.swift"; sourceTree = "<group>"; };
		95146F3A1DDDFCBA005EE174 /* MapMatchOptions.swift */ = {isa = PBXFileReference; fileEncoding = 4; lastKnownFileType = sourcecode.swift; name = MapMatchOptions.swift; path = "../../Bézier.playground/Sources/MapMatchOptions.swift"; sourceTree = "<group>"; };
		95146F3B1DDDFCBA005EE174 /* PathView.swift */ = {isa = PBXFileReference; fileEncoding = 4; lastKnownFileType = sourcecode.swift; name = PathView.swift; path = "../../Bézier.playground/Sources/PathView.swift"; sourceTree = "<group>"; };
		95146F3C1DDDFCBA005EE174 /* StepsView.swift */ = {isa = PBXFileReference; fileEncoding = 4; lastKnownFileType = sourcecode.swift; name = StepsView.swift; path = "../../Bézier.playground/Sources/StepsView.swift"; sourceTree = "<group>"; };
		95146F3D1DDDFCBA005EE174 /* UIBezierPath.swift */ = {isa = PBXFileReference; fileEncoding = 4; lastKnownFileType = sourcecode.swift; name = UIBezierPath.swift; path = "../../Bézier.playground/Sources/UIBezierPath.swift"; sourceTree = "<group>"; };
		95146F491DDDFCD7005EE174 /* back_arrow.png */ = {isa = PBXFileReference; lastKnownFileType = image.png; name = back_arrow.png; path = "../../Bézier.playground/Resources/back_arrow.png"; sourceTree = "<group>"; };
		95146F4A1DDDFCD7005EE174 /* back_arrow@2x.png */ = {isa = PBXFileReference; lastKnownFileType = image.png; name = "back_arrow@2x.png"; path = "../../Bézier.playground/Resources/back_arrow@2x.png"; sourceTree = "<group>"; };
		95146F4B1DDDFCD7005EE174 /* back_arrow@3x.png */ = {isa = PBXFileReference; lastKnownFileType = image.png; name = "back_arrow@3x.png"; path = "../../Bézier.playground/Resources/back_arrow@3x.png"; sourceTree = "<group>"; };
		95146F4C1DDDFCD7005EE174 /* ease in out.png */ = {isa = PBXFileReference; lastKnownFileType = image.png; name = "ease in out.png"; path = "../../Bézier.playground/Resources/ease in out.png"; sourceTree = "<group>"; };
		95146F4D1DDDFCD7005EE174 /* ease in out@2x.png */ = {isa = PBXFileReference; lastKnownFileType = image.png; name = "ease in out@2x.png"; path = "../../Bézier.playground/Resources/ease in out@2x.png"; sourceTree = "<group>"; };
		95146F4E1DDDFCD7005EE174 /* ease in out@3x.png */ = {isa = PBXFileReference; lastKnownFileType = image.png; name = "ease in out@3x.png"; path = "../../Bézier.playground/Resources/ease in out@3x.png"; sourceTree = "<group>"; };
		95146F4F1DDDFCD7005EE174 /* ease in.png */ = {isa = PBXFileReference; lastKnownFileType = image.png; name = "ease in.png"; path = "../../Bézier.playground/Resources/ease in.png"; sourceTree = "<group>"; };
		95146F501DDDFCD7005EE174 /* ease in@2x.png */ = {isa = PBXFileReference; lastKnownFileType = image.png; name = "ease in@2x.png"; path = "../../Bézier.playground/Resources/ease in@2x.png"; sourceTree = "<group>"; };
		95146F511DDDFCD7005EE174 /* ease in@3x.png */ = {isa = PBXFileReference; lastKnownFileType = image.png; name = "ease in@3x.png"; path = "../../Bézier.playground/Resources/ease in@3x.png"; sourceTree = "<group>"; };
		95146F521DDDFCD7005EE174 /* ease out.png */ = {isa = PBXFileReference; lastKnownFileType = image.png; name = "ease out.png"; path = "../../Bézier.playground/Resources/ease out.png"; sourceTree = "<group>"; };
		95146F531DDDFCD7005EE174 /* ease out@2.png */ = {isa = PBXFileReference; lastKnownFileType = image.png; name = "ease out@2.png"; path = "../../Bézier.playground/Resources/ease out@2.png"; sourceTree = "<group>"; };
		95146F541DDDFCD7005EE174 /* ease out@3x.png */ = {isa = PBXFileReference; lastKnownFileType = image.png; name = "ease out@3x.png"; path = "../../Bézier.playground/Resources/ease out@3x.png"; sourceTree = "<group>"; };
		95146F551DDDFCD7005EE174 /* ease.png */ = {isa = PBXFileReference; lastKnownFileType = image.png; name = ease.png; path = "../../Bézier.playground/Resources/ease.png"; sourceTree = "<group>"; };
		95146F561DDDFCD7005EE174 /* ease@2x.png */ = {isa = PBXFileReference; lastKnownFileType = image.png; name = "ease@2x.png"; path = "../../Bézier.playground/Resources/ease@2x.png"; sourceTree = "<group>"; };
		95146F571DDDFCD7005EE174 /* ease@3x.png */ = {isa = PBXFileReference; lastKnownFileType = image.png; name = "ease@3x.png"; path = "../../Bézier.playground/Resources/ease@3x.png"; sourceTree = "<group>"; };
		95146F581DDDFCD7005EE174 /* forward_arrow.png */ = {isa = PBXFileReference; lastKnownFileType = image.png; name = forward_arrow.png; path = "../../Bézier.playground/Resources/forward_arrow.png"; sourceTree = "<group>"; };
		95146F591DDDFCD7005EE174 /* forward_arrow@2x.png */ = {isa = PBXFileReference; lastKnownFileType = image.png; name = "forward_arrow@2x.png"; path = "../../Bézier.playground/Resources/forward_arrow@2x.png"; sourceTree = "<group>"; };
		95146F5A1DDDFCD7005EE174 /* forward_arrow@3x.png */ = {isa = PBXFileReference; lastKnownFileType = image.png; name = "forward_arrow@3x.png"; path = "../../Bézier.playground/Resources/forward_arrow@3x.png"; sourceTree = "<group>"; };
		95146F5B1DDDFCD7005EE174 /* linear.png */ = {isa = PBXFileReference; lastKnownFileType = image.png; name = linear.png; path = "../../Bézier.playground/Resources/linear.png"; sourceTree = "<group>"; };
		95146F5C1DDDFCD7005EE174 /* linear@2x.png */ = {isa = PBXFileReference; lastKnownFileType = image.png; name = "linear@2x.png"; path = "../../Bézier.playground/Resources/linear@2x.png"; sourceTree = "<group>"; };
		95146F5D1DDDFCD7005EE174 /* linear@3x.png */ = {isa = PBXFileReference; lastKnownFileType = image.png; name = "linear@3x.png"; path = "../../Bézier.playground/Resources/linear@3x.png"; sourceTree = "<group>"; };
		95146F5E1DDDFCD7005EE174 /* map.png */ = {isa = PBXFileReference; lastKnownFileType = image.png; name = map.png; path = "../../Bézier.playground/Resources/map.png"; sourceTree = "<group>"; };
		95146F5F1DDDFCD7005EE174 /* play.png */ = {isa = PBXFileReference; lastKnownFileType = image.png; name = play.png; path = "../../Bézier.playground/Resources/play.png"; sourceTree = "<group>"; };
		95146F601DDDFCD7005EE174 /* play@2x.png */ = {isa = PBXFileReference; lastKnownFileType = image.png; name = "play@2x.png"; path = "../../Bézier.playground/Resources/play@2x.png"; sourceTree = "<group>"; };
		95146F611DDDFCD7005EE174 /* play@3x.png */ = {isa = PBXFileReference; lastKnownFileType = image.png; name = "play@3x.png"; path = "../../Bézier.playground/Resources/play@3x.png"; sourceTree = "<group>"; };
		95146F621DDDFCD7005EE174 /* reset.png */ = {isa = PBXFileReference; lastKnownFileType = image.png; name = reset.png; path = "../../Bézier.playground/Resources/reset.png"; sourceTree = "<group>"; };
		95146F631DDDFCD7005EE174 /* reset@2x.png */ = {isa = PBXFileReference; lastKnownFileType = image.png; name = "reset@2x.png"; path = "../../Bézier.playground/Resources/reset@2x.png"; sourceTree = "<group>"; };
		95146F641DDDFCD7005EE174 /* reset@3x.png */ = {isa = PBXFileReference; lastKnownFileType = image.png; name = "reset@3x.png"; path = "../../Bézier.playground/Resources/reset@3x.png"; sourceTree = "<group>"; };
/* End PBXFileReference section */

/* Begin PBXFrameworksBuildPhase section */
		95088AED1DD20941001D0CF9 /* Frameworks */ = {
			isa = PBXFrameworksBuildPhase;
			buildActionMask = 2147483647;
			files = (
			);
			runOnlyForDeploymentPostprocessing = 0;
		};
/* End PBXFrameworksBuildPhase section */

/* Begin PBXGroup section */
		95088AE71DD20941001D0CF9 = {
			isa = PBXGroup;
			children = (
				95088AF21DD20941001D0CF9 /* Bezier */,
				95088AF11DD20941001D0CF9 /* Products */,
			);
			sourceTree = "<group>";
		};
		95088AF11DD20941001D0CF9 /* Products */ = {
			isa = PBXGroup;
			children = (
				95088AF01DD20941001D0CF9 /* Bezier.app */,
			);
			name = Products;
			sourceTree = "<group>";
		};
		95088AF21DD20941001D0CF9 /* Bezier */ = {
			isa = PBXGroup;
			children = (
				95088AF31DD20941001D0CF9 /* AppDelegate.swift */,
				95088AF51DD20941001D0CF9 /* ViewController.swift */,
				95146F341DDDFCBA005EE174 /* AnimationController.swift */,
				95146F351DDDFCBA005EE174 /* Colors.swift */,
				95146F361DDDFCBA005EE174 /* DrawController.swift */,
				95146F371DDDFCBA005EE174 /* GenesisController.swift */,
				95146F381DDDFCBA005EE174 /* GraphicsView.swift */,
				95146F391DDDFCBA005EE174 /* MapMatcher.swift */,
				95146F3A1DDDFCBA005EE174 /* MapMatchOptions.swift */,
				95146F3B1DDDFCBA005EE174 /* PathView.swift */,
				95146F3C1DDDFCBA005EE174 /* StepsView.swift */,
				95146F3D1DDDFCBA005EE174 /* UIBezierPath.swift */,
				95088AF71DD20941001D0CF9 /* Main.storyboard */,
				95088AFA1DD20941001D0CF9 /* Assets.xcassets */,
				95088AFC1DD20941001D0CF9 /* LaunchScreen.storyboard */,
				95146F481DDDFCC0005EE174 /* Assets */,
				95088AFF1DD20941001D0CF9 /* Info.plist */,
			);
			path = Bezier;
			sourceTree = "<group>";
		};
		95146F481DDDFCC0005EE174 /* Assets */ = {
			isa = PBXGroup;
			children = (
				95146F491DDDFCD7005EE174 /* back_arrow.png */,
				95146F4A1DDDFCD7005EE174 /* back_arrow@2x.png */,
				95146F4B1DDDFCD7005EE174 /* back_arrow@3x.png */,
				95146F4C1DDDFCD7005EE174 /* ease in out.png */,
				95146F4D1DDDFCD7005EE174 /* ease in out@2x.png */,
				95146F4E1DDDFCD7005EE174 /* ease in out@3x.png */,
				95146F4F1DDDFCD7005EE174 /* ease in.png */,
				95146F501DDDFCD7005EE174 /* ease in@2x.png */,
				95146F511DDDFCD7005EE174 /* ease in@3x.png */,
				95146F521DDDFCD7005EE174 /* ease out.png */,
				95146F531DDDFCD7005EE174 /* ease out@2.png */,
				95146F541DDDFCD7005EE174 /* ease out@3x.png */,
				95146F551DDDFCD7005EE174 /* ease.png */,
				95146F561DDDFCD7005EE174 /* ease@2x.png */,
				95146F571DDDFCD7005EE174 /* ease@3x.png */,
				95146F581DDDFCD7005EE174 /* forward_arrow.png */,
				95146F591DDDFCD7005EE174 /* forward_arrow@2x.png */,
				95146F5A1DDDFCD7005EE174 /* forward_arrow@3x.png */,
				95146F5B1DDDFCD7005EE174 /* linear.png */,
				95146F5C1DDDFCD7005EE174 /* linear@2x.png */,
				95146F5D1DDDFCD7005EE174 /* linear@3x.png */,
				95146F5E1DDDFCD7005EE174 /* map.png */,
				95146F5F1DDDFCD7005EE174 /* play.png */,
				95146F601DDDFCD7005EE174 /* play@2x.png */,
				95146F611DDDFCD7005EE174 /* play@3x.png */,
				95146F621DDDFCD7005EE174 /* reset.png */,
				95146F631DDDFCD7005EE174 /* reset@2x.png */,
				95146F641DDDFCD7005EE174 /* reset@3x.png */,
			);
			name = Assets;
			sourceTree = "<group>";
		};
/* End PBXGroup section */

/* Begin PBXNativeTarget section */
		95088AEF1DD20941001D0CF9 /* Bezier */ = {
			isa = PBXNativeTarget;
			buildConfigurationList = 95088B021DD20941001D0CF9 /* Build configuration list for PBXNativeTarget "Bezier" */;
			buildPhases = (
				95088AEC1DD20941001D0CF9 /* Sources */,
				95088AED1DD20941001D0CF9 /* Frameworks */,
				95088AEE1DD20941001D0CF9 /* Resources */,
			);
			buildRules = (
			);
			dependencies = (
			);
			name = Bezier;
			productName = Bezier;
			productReference = 95088AF01DD20941001D0CF9 /* Bezier.app */;
			productType = "com.apple.product-type.application";
		};
/* End PBXNativeTarget section */

/* Begin PBXProject section */
		95088AE81DD20941001D0CF9 /* Project object */ = {
			isa = PBXProject;
			attributes = {
				LastSwiftUpdateCheck = 0810;
				LastUpgradeCheck = 0810;
				ORGANIZATIONNAME = Dolomate;
				TargetAttributes = {
					95088AEF1DD20941001D0CF9 = {
						CreatedOnToolsVersion = 8.1;
						DevelopmentTeam = 9S76YAVG8A;
						ProvisioningStyle = Automatic;
					};
				};
			};
			buildConfigurationList = 95088AEB1DD20941001D0CF9 /* Build configuration list for PBXProject "Bezier" */;
			compatibilityVersion = "Xcode 3.2";
			developmentRegion = English;
			hasScannedForEncodings = 0;
			knownRegions = (
				en,
				Base,
			);
			mainGroup = 95088AE71DD20941001D0CF9;
			productRefGroup = 95088AF11DD20941001D0CF9 /* Products */;
			projectDirPath = "";
			projectRoot = "";
			targets = (
				95088AEF1DD20941001D0CF9 /* Bezier */,
			);
		};
/* End PBXProject section */

/* Begin PBXResourcesBuildPhase section */
		95088AEE1DD20941001D0CF9 /* Resources */ = {
			isa = PBXResourcesBuildPhase;
			buildActionMask = 2147483647;
			files = (
				95146F651DDDFCD7005EE174 /* back_arrow.png in Resources */,
				95146F6B1DDDFCD7005EE174 /* ease in.png in Resources */,
				95146F7C1DDDFCD7005EE174 /* play@2x.png in Resources */,
				95146F661DDDFCD7005EE174 /* back_arrow@2x.png in Resources */,
				95146F701DDDFCD7005EE174 /* ease out@3x.png in Resources */,
				95146F7A1DDDFCD7005EE174 /* map.png in Resources */,
				95146F771DDDFCD7005EE174 /* linear.png in Resources */,
				95146F6C1DDDFCD7005EE174 /* ease in@2x.png in Resources */,
				95146F671DDDFCD7005EE174 /* back_arrow@3x.png in Resources */,
				95146F761DDDFCD7005EE174 /* forward_arrow@3x.png in Resources */,
				95146F7F1DDDFCD7005EE174 /* reset@2x.png in Resources */,
				95146F6D1DDDFCD7005EE174 /* ease in@3x.png in Resources */,
				95088AFE1DD20941001D0CF9 /* LaunchScreen.storyboard in Resources */,
				95146F7B1DDDFCD7005EE174 /* play.png in Resources */,
				95146F6E1DDDFCD7005EE174 /* ease out.png in Resources */,
				95146F711DDDFCD7005EE174 /* ease.png in Resources */,
				95146F7E1DDDFCD7005EE174 /* reset.png in Resources */,
				95146F7D1DDDFCD7005EE174 /* play@3x.png in Resources */,
				95146F721DDDFCD7005EE174 /* ease@2x.png in Resources */,
				95146F691DDDFCD7005EE174 /* ease in out@2x.png in Resources */,
				95146F751DDDFCD7005EE174 /* forward_arrow@2x.png in Resources */,
				95146F6F1DDDFCD7005EE174 /* ease out@2.png in Resources */,
				95146F681DDDFCD7005EE174 /* ease in out.png in Resources */,
				95146F781DDDFCD7005EE174 /* linear@2x.png in Resources */,
				95146F741DDDFCD7005EE174 /* forward_arrow.png in Resources */,
				95146F6A1DDDFCD7005EE174 /* ease in out@3x.png in Resources */,
				95146F731DDDFCD7005EE174 /* ease@3x.png in Resources */,
				95088AFB1DD20941001D0CF9 /* Assets.xcassets in Resources */,
				95146F791DDDFCD7005EE174 /* linear@3x.png in Resources */,
				95146F801DDDFCD7005EE174 /* reset@3x.png in Resources */,
				95088AF91DD20941001D0CF9 /* Main.storyboard in Resources */,
			);
			runOnlyForDeploymentPostprocessing = 0;
		};
/* End PBXResourcesBuildPhase section */

/* Begin PBXSourcesBuildPhase section */
		95088AEC1DD20941001D0CF9 /* Sources */ = {
			isa = PBXSourcesBuildPhase;
			buildActionMask = 2147483647;
			files = (
				95146F3E1DDDFCBA005EE174 /* AnimationController.swift in Sources */,
				95146F3F1DDDFCBA005EE174 /* Colors.swift in Sources */,
				95146F421DDDFCBA005EE174 /* GraphicsView.swift in Sources */,
				95146F401DDDFCBA005EE174 /* DrawController.swift in Sources */,
				95088AF61DD20941001D0CF9 /* ViewController.swift in Sources */,
				95146F451DDDFCBA005EE174 /* PathView.swift in Sources */,
				95146F431DDDFCBA005EE174 /* MapMatcher.swift in Sources */,
				95146F411DDDFCBA005EE174 /* GenesisController.swift in Sources */,
				95146F461DDDFCBA005EE174 /* StepsView.swift in Sources */,
				95146F471DDDFCBA005EE174 /* UIBezierPath.swift in Sources */,
				95088AF41DD20941001D0CF9 /* AppDelegate.swift in Sources */,
				95146F441DDDFCBA005EE174 /* MapMatchOptions.swift in Sources */,
			);
			runOnlyForDeploymentPostprocessing = 0;
		};
/* End PBXSourcesBuildPhase section */

/* Begin PBXVariantGroup section */
		95088AF71DD20941001D0CF9 /* Main.storyboard */ = {
			isa = PBXVariantGroup;
			children = (
				95088AF81DD20941001D0CF9 /* Base */,
			);
			name = Main.storyboard;
			sourceTree = "<group>";
		};
		95088AFC1DD20941001D0CF9 /* LaunchScreen.storyboard */ = {
			isa = PBXVariantGroup;
			children = (
				95088AFD1DD20941001D0CF9 /* Base */,
			);
			name = LaunchScreen.storyboard;
			sourceTree = "<group>";
		};
/* End PBXVariantGroup section */

/* Begin XCBuildConfiguration section */
		95088B001DD20941001D0CF9 /* Debug */ = {
			isa = XCBuildConfiguration;
			buildSettings = {
				ALWAYS_SEARCH_USER_PATHS = NO;
				CLANG_ANALYZER_NONNULL = YES;
				CLANG_CXX_LANGUAGE_STANDARD = "gnu++0x";
				CLANG_CXX_LIBRARY = "libc++";
				CLANG_ENABLE_MODULES = YES;
				CLANG_ENABLE_OBJC_ARC = YES;
				CLANG_WARN_BOOL_CONVERSION = YES;
				CLANG_WARN_CONSTANT_CONVERSION = YES;
				CLANG_WARN_DIRECT_OBJC_ISA_USAGE = YES_ERROR;
				CLANG_WARN_DOCUMENTATION_COMMENTS = YES;
				CLANG_WARN_EMPTY_BODY = YES;
				CLANG_WARN_ENUM_CONVERSION = YES;
				CLANG_WARN_INFINITE_RECURSION = YES;
				CLANG_WARN_INT_CONVERSION = YES;
				CLANG_WARN_OBJC_ROOT_CLASS = YES_ERROR;
				CLANG_WARN_SUSPICIOUS_MOVES = YES;
				CLANG_WARN_UNREACHABLE_CODE = YES;
				CLANG_WARN__DUPLICATE_METHOD_MATCH = YES;
				"CODE_SIGN_IDENTITY[sdk=iphoneos*]" = "iPhone Developer";
				COPY_PHASE_STRIP = NO;
				DEBUG_INFORMATION_FORMAT = dwarf;
				ENABLE_STRICT_OBJC_MSGSEND = YES;
				ENABLE_TESTABILITY = YES;
				GCC_C_LANGUAGE_STANDARD = gnu99;
				GCC_DYNAMIC_NO_PIC = NO;
				GCC_NO_COMMON_BLOCKS = YES;
				GCC_OPTIMIZATION_LEVEL = 0;
				GCC_PREPROCESSOR_DEFINITIONS = (
					"DEBUG=1",
					"$(inherited)",
				);
				GCC_WARN_64_TO_32_BIT_CONVERSION = YES;
				GCC_WARN_ABOUT_RETURN_TYPE = YES_ERROR;
				GCC_WARN_UNDECLARED_SELECTOR = YES;
				GCC_WARN_UNINITIALIZED_AUTOS = YES_AGGRESSIVE;
				GCC_WARN_UNUSED_FUNCTION = YES;
				GCC_WARN_UNUSED_VARIABLE = YES;
				IPHONEOS_DEPLOYMENT_TARGET = 10.1;
				MTL_ENABLE_DEBUG_INFO = YES;
				ONLY_ACTIVE_ARCH = YES;
				SDKROOT = iphoneos;
				SWIFT_ACTIVE_COMPILATION_CONDITIONS = DEBUG;
				SWIFT_OPTIMIZATION_LEVEL = "-Onone";
				TARGETED_DEVICE_FAMILY = "1,2";
			};
			name = Debug;
		};
		95088B011DD20941001D0CF9 /* Release */ = {
			isa = XCBuildConfiguration;
			buildSettings = {
				ALWAYS_SEARCH_USER_PATHS = NO;
				CLANG_ANALYZER_NONNULL = YES;
				CLANG_CXX_LANGUAGE_STANDARD = "gnu++0x";
				CLANG_CXX_LIBRARY = "libc++";
				CLANG_ENABLE_MODULES = YES;
				CLANG_ENABLE_OBJC_ARC = YES;
				CLANG_WARN_BOOL_CONVERSION = YES;
				CLANG_WARN_CONSTANT_CONVERSION = YES;
				CLANG_WARN_DIRECT_OBJC_ISA_USAGE = YES_ERROR;
				CLANG_WARN_DOCUMENTATION_COMMENTS = YES;
				CLANG_WARN_EMPTY_BODY = YES;
				CLANG_WARN_ENUM_CONVERSION = YES;
				CLANG_WARN_INFINITE_RECURSION = YES;
				CLANG_WARN_INT_CONVERSION = YES;
				CLANG_WARN_OBJC_ROOT_CLASS = YES_ERROR;
				CLANG_WARN_SUSPICIOUS_MOVES = YES;
				CLANG_WARN_UNREACHABLE_CODE = YES;
				CLANG_WARN__DUPLICATE_METHOD_MATCH = YES;
				"CODE_SIGN_IDENTITY[sdk=iphoneos*]" = "iPhone Developer";
				COPY_PHASE_STRIP = NO;
				DEBUG_INFORMATION_FORMAT = "dwarf-with-dsym";
				ENABLE_NS_ASSERTIONS = NO;
				ENABLE_STRICT_OBJC_MSGSEND = YES;
				GCC_C_LANGUAGE_STANDARD = gnu99;
				GCC_NO_COMMON_BLOCKS = YES;
				GCC_WARN_64_TO_32_BIT_CONVERSION = YES;
				GCC_WARN_ABOUT_RETURN_TYPE = YES_ERROR;
				GCC_WARN_UNDECLARED_SELECTOR = YES;
				GCC_WARN_UNINITIALIZED_AUTOS = YES_AGGRESSIVE;
				GCC_WARN_UNUSED_FUNCTION = YES;
				GCC_WARN_UNUSED_VARIABLE = YES;
				IPHONEOS_DEPLOYMENT_TARGET = 10.1;
				MTL_ENABLE_DEBUG_INFO = NO;
				SDKROOT = iphoneos;
				SWIFT_OPTIMIZATION_LEVEL = "-Owholemodule";
				TARGETED_DEVICE_FAMILY = "1,2";
				VALIDATE_PRODUCT = YES;
			};
			name = Release;
		};
		95088B031DD20941001D0CF9 /* Debug */ = {
			isa = XCBuildConfiguration;
			buildSettings = {
				ASSETCATALOG_COMPILER_APPICON_NAME = AppIcon;
				DEVELOPMENT_TEAM = 9S76YAVG8A;
				INFOPLIST_FILE = Bezier/Info.plist;
				LD_RUNPATH_SEARCH_PATHS = "$(inherited) @executable_path/Frameworks";
				PRODUCT_BUNDLE_IDENTIFIER = com.dolomate.bezier.Bezier;
				PRODUCT_NAME = "$(TARGET_NAME)";
				SWIFT_VERSION = 3.0;
			};
			name = Debug;
		};
		95088B041DD20941001D0CF9 /* Release */ = {
			isa = XCBuildConfiguration;
			buildSettings = {
				ASSETCATALOG_COMPILER_APPICON_NAME = AppIcon;
				DEVELOPMENT_TEAM = 9S76YAVG8A;
				INFOPLIST_FILE = Bezier/Info.plist;
				LD_RUNPATH_SEARCH_PATHS = "$(inherited) @executable_path/Frameworks";
				PRODUCT_BUNDLE_IDENTIFIER = com.dolomate.bezier.Bezier;
				PRODUCT_NAME = "$(TARGET_NAME)";
				SWIFT_VERSION = 3.0;
			};
			name = Release;
		};
/* End XCBuildConfiguration section */

/* Begin XCConfigurationList section */
		95088AEB1DD20941001D0CF9 /* Build configuration list for PBXProject "Bezier" */ = {
			isa = XCConfigurationList;
			buildConfigurations = (
				95088B001DD20941001D0CF9 /* Debug */,
				95088B011DD20941001D0CF9 /* Release */,
			);
			defaultConfigurationIsVisible = 0;
			defaultConfigurationName = Release;
		};
		95088B021DD20941001D0CF9 /* Build configuration list for PBXNativeTarget "Bezier" */ = {
			isa = XCConfigurationList;
			buildConfigurations = (
				95088B031DD20941001D0CF9 /* Debug */,
				95088B041DD20941001D0CF9 /* Release */,
			);
			defaultConfigurationIsVisible = 0;
			defaultConfigurationName = Release;
		};
/* End XCConfigurationList section */
	};
	rootObject = 95088AE81DD20941001D0CF9 /* Project object */;
}
